
Microsoft Visual Studio Solution File, Format Version 12.00
# Visual Studio Version 17
VisualStudioVersion = 17.4.33205.214
MinimumVisualStudioVersion = 10.0.40219.1
Project("{9A19103F-16F7-4668-BE54-9A1E7A4F7556}") = "TestProject", "TestProject\TestProject.csproj", "{0A3531D6-9511-4F08-A90C-34E0E126280A}"
EndProject
Project("{9A19103F-16F7-4668-BE54-9A1E7A4F7556}") = "Indicators", "..\Stock.Indicators\src\Indicators.csproj", "{D2454E17-22C9-4192-A3B0-F688110333F4}"
EndProject
Project("{9A19103F-16F7-4668-BE54-9A1E7A4F7556}") = "Stock.Shared", "Stock.Shared\Stock.Shared.csproj", "{B9660C94-6306-4D93-A243-391B31A47430}"
EndProject
Project("{9A19103F-16F7-4668-BE54-9A1E7A4F7556}") = "Stock.Strategies", "Stock.Strategy\Stock.Strategies.csproj", "{3B8DACF5-4C3A-4610-B5A8-BA4F9ECACDF4}"
EndProject
Project("{9A19103F-16F7-4668-BE54-9A1E7A4F7556}") = "Stock.UI", "Stock.UI\Stock.UI.csproj", "{0C791A58-1A1B-4FC1-AF88-F5AA2280A7AB}"
EndProject
Project("{9A19103F-16F7-4668-BE54-9A1E7A4F7556}") = "Stock.Data", "Stock.DataProvider\Stock.Data.csproj", "{0BF0E4E7-6419-4FB4-8A6C-21895D6A64FF}"
EndProject
Project("{9A19103F-16F7-4668-BE54-9A1E7A4F7556}") = "CSharpAPI", "..\..\..\..\..\..\..\TWS API\source\CSharpClient\client\CSharpAPI.csproj", "{E90E9062-8061-4F03-A1BA-7A5E85616374}"
EndProject
Global
	GlobalSection(SolutionConfigurationPlatforms) = preSolution
		Debug|Any CPU = Debug|Any CPU
		Release|Any CPU = Release|Any CPU
	EndGlobalSection
	GlobalSection(ProjectConfigurationPlatforms) = postSolution
		{0A3531D6-9511-4F08-A90C-34E0E126280A}.Debug|Any CPU.ActiveCfg = Debug|Any CPU
		{0A3531D6-9511-4F08-A90C-34E0E126280A}.Debug|Any CPU.Build.0 = Debug|Any CPU
		{0A3531D6-9511-4F08-A90C-34E0E126280A}.Release|Any CPU.ActiveCfg = Release|Any CPU
		{0A3531D6-9511-4F08-A90C-34E0E126280A}.Release|Any CPU.Build.0 = Release|Any CPU
		{D2454E17-22C9-4192-A3B0-F688110333F4}.Debug|Any CPU.ActiveCfg = Debug|Any CPU
		{D2454E17-22C9-4192-A3B0-F688110333F4}.Debug|Any CPU.Build.0 = Debug|Any CPU
		{D2454E17-22C9-4192-A3B0-F688110333F4}.Release|Any CPU.ActiveCfg = Release|Any CPU
		{D2454E17-22C9-4192-A3B0-F688110333F4}.Release|Any CPU.Build.0 = Release|Any CPU
		{B9660C94-6306-4D93-A243-391B31A47430}.Debug|Any CPU.ActiveCfg = Debug|Any CPU
		{B9660C94-6306-4D93-A243-391B31A47430}.Debug|Any CPU.Build.0 = Debug|Any CPU
		{B9660C94-6306-4D93-A243-391B31A47430}.Release|Any CPU.ActiveCfg = Release|Any CPU
		{B9660C94-6306-4D93-A243-391B31A47430}.Release|Any CPU.Build.0 = Release|Any CPU
		{3B8DACF5-4C3A-4610-B5A8-BA4F9ECACDF4}.Debug|Any CPU.ActiveCfg = Debug|Any CPU
		{3B8DACF5-4C3A-4610-B5A8-BA4F9ECACDF4}.Debug|Any CPU.Build.0 = Debug|Any CPU
		{3B8DACF5-4C3A-4610-B5A8-BA4F9ECACDF4}.Release|Any CPU.ActiveCfg = Release|Any CPU
		{3B8DACF5-4C3A-4610-B5A8-BA4F9ECACDF4}.Release|Any CPU.Build.0 = Release|Any CPU
		{0C791A58-1A1B-4FC1-AF88-F5AA2280A7AB}.Debug|Any CPU.ActiveCfg = Debug|Any CPU
		{0C791A58-1A1B-4FC1-AF88-F5AA2280A7AB}.Debug|Any CPU.Build.0 = Debug|Any CPU
		{0C791A58-1A1B-4FC1-AF88-F5AA2280A7AB}.Release|Any CPU.ActiveCfg = Release|Any CPU
		{0C791A58-1A1B-4FC1-AF88-F5AA2280A7AB}.Release|Any CPU.Build.0 = Release|Any CPU
		{0BF0E4E7-6419-4FB4-8A6C-21895D6A64FF}.Debug|Any CPU.ActiveCfg = Debug|Any CPU
		{0BF0E4E7-6419-4FB4-8A6C-21895D6A64FF}.Debug|Any CPU.Build.0 = Debug|Any CPU
		{0BF0E4E7-6419-4FB4-8A6C-21895D6A64FF}.Release|Any CPU.ActiveCfg = Release|Any CPU
		{0BF0E4E7-6419-4FB4-8A6C-21895D6A64FF}.Release|Any CPU.Build.0 = Release|Any CPU
		{E90E9062-8061-4F03-A1BA-7A5E85616374}.Debug|Any CPU.ActiveCfg = Debug|Any CPU
		{E90E9062-8061-4F03-A1BA-7A5E85616374}.Debug|Any CPU.Build.0 = Debug|Any CPU
		{E90E9062-8061-4F03-A1BA-7A5E85616374}.Release|Any CPU.ActiveCfg = Release|Any CPU
		{E90E9062-8061-4F03-A1BA-7A5E85616374}.Release|Any CPU.Build.0 = Release|Any CPU
	EndGlobalSection
	GlobalSection(SolutionProperties) = preSolution
		HideSolutionNode = FALSE
	EndGlobalSection
	GlobalSection(ExtensibilityGlobals) = postSolution
		SolutionGuid = {FB1C3604-5B2B-4367-9DF3-041E67F5A27B}
	EndGlobalSection
EndGlobal
