
Microsoft Visual Studio Solution File, Format Version 12.00
# Visual Studio Version 17
VisualStudioVersion = 17.4.33205.214
MinimumVisualStudioVersion = 10.0.40219.1
Project("{9A19103F-16F7-4668-BE54-9A1E7A4F7556}") = "StockSignalScanner", "StockSignalScanner\StockSignalScanner.csproj", "{8B89C3B3-CAEA-49AB-BBBC-5812D832A40C}"
EndProject
Project("{FAE04EC0-301F-11D3-BF4B-00C04F79EFBC}") = "TestProject", "TestProject\TestProject.csproj", "{0A3531D6-9511-4F08-A90C-34E0E126280A}"
EndProject
Project("{9A19103F-16F7-4668-BE54-9A1E7A4F7556}") = "Indicators", "..\Stock.Indicators\src\Indicators.csproj", "{D2454E17-22C9-4192-A3B0-F688110333F4}"
EndProject
Project("{9A19103F-16F7-4668-BE54-9A1E7A4F7556}") = "StockScanningResultMonitor", "StockScanningResultMonitor\StockScanningResultMonitor.csproj", "{442959A5-A23D-42A1-867E-D088DBD916CD}"
EndProject
Project("{9A19103F-16F7-4668-BE54-9A1E7A4F7556}") = "day-trading-signals", "day-trading-signals\day-trading-signals.csproj", "{1BC5FC81-5830-4CAC-86CF-7CF8D5D235C6}"
EndProject
Project("{9A19103F-16F7-4668-BE54-9A1E7A4F7556}") = "StrategyBackTester", "StrategyBackTester\StrategyBackTester.csproj", "{2111C699-674D-4C91-A6B8-EF47CAE98B89}"
EndProject
Project("{9A19103F-16F7-4668-BE54-9A1E7A4F7556}") = "Stock.Shared", "Stock.Shared\Stock.Shared.csproj", "{B9660C94-6306-4D93-A243-391B31A47430}"
EndProject
Project("{9A19103F-16F7-4668-BE54-9A1E7A4F7556}") = "Stock.Strategies", "Stock.Strategy\Stock.Strategies.csproj", "{3B8DACF5-4C3A-4610-B5A8-BA4F9ECACDF4}"
EndProject
Global
	GlobalSection(SolutionConfigurationPlatforms) = preSolution
		Debug|Any CPU = Debug|Any CPU
		Release|Any CPU = Release|Any CPU
	EndGlobalSection
	GlobalSection(ProjectConfigurationPlatforms) = postSolution
		{8B89C3B3-CAEA-49AB-BBBC-5812D832A40C}.Debug|Any CPU.ActiveCfg = Debug|Any CPU
		{8B89C3B3-CAEA-49AB-BBBC-5812D832A40C}.Debug|Any CPU.Build.0 = Debug|Any CPU
		{8B89C3B3-CAEA-49AB-BBBC-5812D832A40C}.Release|Any CPU.ActiveCfg = Release|Any CPU
		{8B89C3B3-CAEA-49AB-BBBC-5812D832A40C}.Release|Any CPU.Build.0 = Release|Any CPU
		{0A3531D6-9511-4F08-A90C-34E0E126280A}.Debug|Any CPU.ActiveCfg = Debug|Any CPU
		{0A3531D6-9511-4F08-A90C-34E0E126280A}.Debug|Any CPU.Build.0 = Debug|Any CPU
		{0A3531D6-9511-4F08-A90C-34E0E126280A}.Release|Any CPU.ActiveCfg = Release|Any CPU
		{0A3531D6-9511-4F08-A90C-34E0E126280A}.Release|Any CPU.Build.0 = Release|Any CPU
		{D2454E17-22C9-4192-A3B0-F688110333F4}.Debug|Any CPU.ActiveCfg = Debug|Any CPU
		{D2454E17-22C9-4192-A3B0-F688110333F4}.Debug|Any CPU.Build.0 = Debug|Any CPU
		{D2454E17-22C9-4192-A3B0-F688110333F4}.Release|Any CPU.ActiveCfg = Release|Any CPU
		{D2454E17-22C9-4192-A3B0-F688110333F4}.Release|Any CPU.Build.0 = Release|Any CPU
		{442959A5-A23D-42A1-867E-D088DBD916CD}.Debug|Any CPU.ActiveCfg = Debug|Any CPU
		{442959A5-A23D-42A1-867E-D088DBD916CD}.Debug|Any CPU.Build.0 = Debug|Any CPU
		{442959A5-A23D-42A1-867E-D088DBD916CD}.Release|Any CPU.ActiveCfg = Release|Any CPU
		{442959A5-A23D-42A1-867E-D088DBD916CD}.Release|Any CPU.Build.0 = Release|Any CPU
		{1BC5FC81-5830-4CAC-86CF-7CF8D5D235C6}.Debug|Any CPU.ActiveCfg = Debug|Any CPU
		{1BC5FC81-5830-4CAC-86CF-7CF8D5D235C6}.Debug|Any CPU.Build.0 = Debug|Any CPU
		{1BC5FC81-5830-4CAC-86CF-7CF8D5D235C6}.Release|Any CPU.ActiveCfg = Release|Any CPU
		{1BC5FC81-5830-4CAC-86CF-7CF8D5D235C6}.Release|Any CPU.Build.0 = Release|Any CPU
		{2111C699-674D-4C91-A6B8-EF47CAE98B89}.Debug|Any CPU.ActiveCfg = Debug|Any CPU
		{2111C699-674D-4C91-A6B8-EF47CAE98B89}.Debug|Any CPU.Build.0 = Debug|Any CPU
		{2111C699-674D-4C91-A6B8-EF47CAE98B89}.Release|Any CPU.ActiveCfg = Release|Any CPU
		{2111C699-674D-4C91-A6B8-EF47CAE98B89}.Release|Any CPU.Build.0 = Release|Any CPU
		{B9660C94-6306-4D93-A243-391B31A47430}.Debug|Any CPU.ActiveCfg = Debug|Any CPU
		{B9660C94-6306-4D93-A243-391B31A47430}.Debug|Any CPU.Build.0 = Debug|Any CPU
		{B9660C94-6306-4D93-A243-391B31A47430}.Release|Any CPU.ActiveCfg = Release|Any CPU
		{B9660C94-6306-4D93-A243-391B31A47430}.Release|Any CPU.Build.0 = Release|Any CPU
		{3B8DACF5-4C3A-4610-B5A8-BA4F9ECACDF4}.Debug|Any CPU.ActiveCfg = Debug|Any CPU
		{3B8DACF5-4C3A-4610-B5A8-BA4F9ECACDF4}.Debug|Any CPU.Build.0 = Debug|Any CPU
		{3B8DACF5-4C3A-4610-B5A8-BA4F9ECACDF4}.Release|Any CPU.ActiveCfg = Release|Any CPU
		{3B8DACF5-4C3A-4610-B5A8-BA4F9ECACDF4}.Release|Any CPU.Build.0 = Release|Any CPU
	EndGlobalSection
	GlobalSection(SolutionProperties) = preSolution
		HideSolutionNode = FALSE
	EndGlobalSection
	GlobalSection(ExtensibilityGlobals) = postSolution
		SolutionGuid = {FB1C3604-5B2B-4367-9DF3-041E67F5A27B}
	EndGlobalSection
EndGlobal
